
Microsoft Visual Studio Solution File, Format Version 12.00
# Visual Studio Version 16
VisualStudioVersion = 16.0.29728.190
MinimumVisualStudioVersion = 10.0.40219.1
Project("{FAE04EC0-301F-11D3-BF4B-00C04F79EFBC}") = "Moodle", "Moodle\Moodle.csproj", "{8E32CD28-A605-4905-94B4-3E7CD921C87D}"
EndProject
Global
	GlobalSection(SolutionConfigurationPlatforms) = preSolution
		Debug|Any CPU = Debug|Any CPU
		Release|Any CPU = Release|Any CPU
	EndGlobalSection
	GlobalSection(ProjectConfigurationPlatforms) = postSolution
		{8E32CD28-A605-4905-94B4-3E7CD921C87D}.Debug|Any CPU.ActiveCfg = Debug|Any CPU
		{8E32CD28-A605-4905-94B4-3E7CD921C87D}.Debug|Any CPU.Build.0 = Debug|Any CPU
		{8E32CD28-A605-4905-94B4-3E7CD921C87D}.Release|Any CPU.ActiveCfg = Release|Any CPU
		{8E32CD28-A605-4905-94B4-3E7CD921C87D}.Release|Any CPU.Build.0 = Release|Any CPU
	EndGlobalSection
	GlobalSection(SolutionProperties) = preSolution
		HideSolutionNode = FALSE
	EndGlobalSection
	GlobalSection(ExtensibilityGlobals) = postSolution
		SolutionGuid = {4D55845B-56C7-468B-ABEC-789B3A8D089B}
	EndGlobalSection
EndGlobal
